PATH
  remote: .
  specs:
    year_end_statements (0.1.0)
      csv
      pdf-reader

GEM
  remote: https://rubygems.org/
  specs:
    Ascii85 (2.0.1)
    afm (1.0.0)
    bigdecimal (3.3.1)
    csv (3.3.6)
    drb (2.2.3)
    hashery (2.1.2)
    minitest (6.0.6)
      drb (~> 2.0)
      prism (~> 1.5)
    pdf-reader (2.16.0)
      Ascii85 (>= 1.0, < 3.0, != 2.0.0)
      afm (>= 0.2.1, < 2)
      hashery (~> 2.0)
      ttfunk
    prism (1.9.0)
    rake (13.4.2)
    ttfunk (1.8.0)
      bigdecimal (~> 3.1)

PLATFORMS
  arm64-darwin-25
  ruby

DEPENDENCIES
  minitest
  rake
  year_end_statements!

CHECKSUMS
  Ascii85 (2.0.1) sha256=15cb5d941808543cbb9e7e6aea3c8ec3877f154c3461e8b3673e97f7ecedbe5a
  afm (1.0.0) sha256=5bd4d6f6241e7014ef090985ec6f4c3e9745f6de0828ddd58bc1efdd138f4545
  bigdecimal (3.3.1) sha256=eaa01e228be54c4f9f53bf3cc34fe3d5e845c31963e7fcc5bedb05a4e7d52218
  csv (3.3.6) sha256=aba61e7e507a66f03d45cb1f3c4b6359861c3504038b422962875dce099e4456
  drb (2.2.3) sha256=0b00d6fdb50995fe4a45dea13663493c841112e4068656854646f418fda13373
  hashery (2.1.2) sha256=d239cc2310401903f6b79d458c2bbef5bf74c46f3f974ae9c1061fb74a404862
  minitest (6.0.6) sha256=153ea36d1d987a62942382b61075745042a2b3123b1cd48f4c3675af9cc7d6f1
  pdf-reader (2.16.0) sha256=bf1b5564c085264d8279bde3cf1467778b75841494d20c0fe7da3dad475f3732
  prism (1.9.0) sha256=7b530c6a9f92c24300014919c9dcbc055bf4cdf51ec30aed099b06cd6674ef85
  rake (13.4.2) sha256=cb825b2bd5f1f8e91ca37bddb4b9aaf345551b4731da62949be002fa89283701
  ttfunk (1.8.0) sha256=a7cbc7e489cc46e979dde04d34b5b9e4f5c8f1ee5fc6b1a7be39b829919d20ca
  year_end_statements (0.1.0)

BUNDLED WITH
  4.0.16
